
Microsoft Visual Studio Solution File, Format Version 12.00
# Visual Studio 2012
Project("{FAE04EC0-301F-11D3-BF4B-00C04F79EFBC}") = "ScrawlIt", "ScrawlIt\ScrawlIt.csproj", "{71EAD1F1-4DBD-4627-A07E-2EC27764A8C4}"
EndProject
Project("{FAE04EC0-301F-11D3-BF4B-00C04F79EFBC}") = "ScrawlIt.Tests", "ScrawlIt.Tests\ScrawlIt.Tests.csproj", "{24D39968-064B-4F1C-85F6-C25F171B2EB0}"
EndProject
Global
	GlobalSection(SolutionConfigurationPlatforms) = preSolution
		Debug|Any CPU = Debug|Any CPU
		Release|Any CPU = Release|Any CPU
	EndGlobalSection
	GlobalSection(ProjectConfigurationPlatforms) = postSolution
		{71EAD1F1-4DBD-4627-A07E-2EC27764A8C4}.Debug|Any CPU.ActiveCfg = Debug|Any CPU
		{71EAD1F1-4DBD-4627-A07E-2EC27764A8C4}.Debug|Any CPU.Build.0 = Debug|Any CPU
		{71EAD1F1-4DBD-4627-A07E-2EC27764A8C4}.Release|Any CPU.ActiveCfg = Release|Any CPU
		{71EAD1F1-4DBD-4627-A07E-2EC27764A8C4}.Release|Any CPU.Build.0 = Release|Any CPU
		{24D39968-064B-4F1C-85F6-C25F171B2EB0}.Debug|Any CPU.ActiveCfg = Debug|Any CPU
		{24D39968-064B-4F1C-85F6-C25F171B2EB0}.Debug|Any CPU.Build.0 = Debug|Any CPU
		{24D39968-064B-4F1C-85F6-C25F171B2EB0}.Release|Any CPU.ActiveCfg = Release|Any CPU
		{24D39968-064B-4F1C-85F6-C25F171B2EB0}.Release|Any CPU.Build.0 = Release|Any CPU
	EndGlobalSection
	GlobalSection(SolutionProperties) = preSolution
		HideSolutionNode = FALSE
	EndGlobalSection
EndGlobal
